// !$*UTF8*$!
{
	archiveVersion = 1;
	classes = {
	};
	objectVersion = 50;
	objects = {

/* Begin PBXBuildFile section */
		880A68BE265905F2001E2359 /* TouchdownApp.swift in Sources */ = {isa = PBXBuildFile; fileRef = 880A68BD265905F2001E2359 /* TouchdownApp.swift */; };
		880A68C0265905F2001E2359 /* ContentView.swift in Sources */ = {isa = PBXBuildFile; fileRef = 880A68BF265905F2001E2359 /* ContentView.swift */; };
		880A68C2265905F7001E2359 /* Assets.xcassets in Resources */ = {isa = PBXBuildFile; fileRef = 880A68C1265905F7001E2359 /* Assets.xcassets */; };
		880A68C5265905F7001E2359 /* Preview Assets.xcassets in Resources */ = {isa = PBXBuildFile; fileRef = 880A68C4265905F7001E2359 /* Preview Assets.xcassets */; };
		880A68D926590CCB001E2359 /* Constant.swift in Sources */ = {isa = PBXBuildFile; fileRef = 880A68D826590CCB001E2359 /* Constant.swift */; };
		880A68DD26590D6D001E2359 /* FooterView.swift in Sources */ = {isa = PBXBuildFile; fileRef = 880A68DC26590D6D001E2359 /* FooterView.swift */; };
		8821E0552675EFAB00D8E74B /* CategoryModel.swift in Sources */ = {isa = PBXBuildFile; fileRef = 8821E0542675EFAB00D8E74B /* CategoryModel.swift */; };
		8821E0572675F0C800D8E74B /* CategoryItemView.swift in Sources */ = {isa = PBXBuildFile; fileRef = 8821E0562675F0C800D8E74B /* CategoryItemView.swift */; };
		8821E0592675F4F900D8E74B /* CategoryGridView.swift in Sources */ = {isa = PBXBuildFile; fileRef = 8821E0582675F4F900D8E74B /* CategoryGridView.swift */; };
		8821E05B2675F95A00D8E74B /* SectionView.swift in Sources */ = {isa = PBXBuildFile; fileRef = 8821E05A2675F95A00D8E74B /* SectionView.swift */; };
		8823A6B42677EE5E00CB7B65 /* CustomShape.swift in Sources */ = {isa = PBXBuildFile; fileRef = 8823A6B32677EE5E00CB7B65 /* CustomShape.swift */; };
		8823A6B62677F0C900CB7B65 /* RatingSizesDetailView.swift in Sources */ = {isa = PBXBuildFile; fileRef = 8823A6B52677F0C900CB7B65 /* RatingSizesDetailView.swift */; };
		882CC3C926755DC2007160A9 /* PlayerModel.swift in Sources */ = {isa = PBXBuildFile; fileRef = 882CC3C826755DC2007160A9 /* PlayerModel.swift */; };
		882CC3CB2675606C007160A9 /* CodableBundleExtension.swift in Sources */ = {isa = PBXBuildFile; fileRef = 882CC3CA2675606C007160A9 /* CodableBundleExtension.swift */; };
		882CC3CD26756301007160A9 /* FeaturedItemView.swift in Sources */ = {isa = PBXBuildFile; fileRef = 882CC3CC26756301007160A9 /* FeaturedItemView.swift */; };
		882CC3CF26756585007160A9 /* FeaturedTabView.swift in Sources */ = {isa = PBXBuildFile; fileRef = 882CC3CE26756585007160A9 /* FeaturedTabView.swift */; };
		882CC3D426756D5E007160A9 /* player.json in Resources */ = {isa = PBXBuildFile; fileRef = 882CC3D026756D5D007160A9 /* player.json */; };
		882CC3D526756D5E007160A9 /* product.json in Resources */ = {isa = PBXBuildFile; fileRef = 882CC3D126756D5E007160A9 /* product.json */; };
		882CC3D626756D5E007160A9 /* brand.json in Resources */ = {isa = PBXBuildFile; fileRef = 882CC3D226756D5E007160A9 /* brand.json */; };
		882CC3D726756D5E007160A9 /* category.json in Resources */ = {isa = PBXBuildFile; fileRef = 882CC3D326756D5E007160A9 /* category.json */; };
		88A03DEF267503DE00B14B8C /* NavigationBarView.swift in Sources */ = {isa = PBXBuildFile; fileRef = 88A03DEE267503DE00B14B8C /* NavigationBarView.swift */; };
		88A03DF12675062100B14B8C /* LogoView.swift in Sources */ = {isa = PBXBuildFile; fileRef = 88A03DF02675062100B14B8C /* LogoView.swift */; };
		88DA435C26768C4F008035B2 /* TitleView.swift in Sources */ = {isa = PBXBuildFile; fileRef = 88DA435B26768C4F008035B2 /* TitleView.swift */; };
		88DA435E26768F5D008035B2 /* ProductModel.swift in Sources */ = {isa = PBXBuildFile; fileRef = 88DA435D26768F5D008035B2 /* ProductModel.swift */; };
		88DA436026769121008035B2 /* ProductItemView.swift in Sources */ = {isa = PBXBuildFile; fileRef = 88DA435F26769121008035B2 /* ProductItemView.swift */; };
		88DA436226777F57008035B2 /* BrandModel.swift in Sources */ = {isa = PBXBuildFile; fileRef = 88DA436126777F57008035B2 /* BrandModel.swift */; };
		88DA436426777FA2008035B2 /* BrandItemView.swift in Sources */ = {isa = PBXBuildFile; fileRef = 88DA436326777FA2008035B2 /* BrandItemView.swift */; };
		88DA4366267780D5008035B2 /* BrandGridView.swift in Sources */ = {isa = PBXBuildFile; fileRef = 88DA4365267780D5008035B2 /* BrandGridView.swift */; };
		88DA4368267783AA008035B2 /* ProductDetailView.swift in Sources */ = {isa = PBXBuildFile; fileRef = 88DA4367267783AA008035B2 /* ProductDetailView.swift */; };
		88DA436A267787BD008035B2 /* NavbarDetailView.swift in Sources */ = {isa = PBXBuildFile; fileRef = 88DA4369267787BC008035B2 /* NavbarDetailView.swift */; };
		88DA436C26778CE8008035B2 /* HeaderDetailView.swift in Sources */ = {isa = PBXBuildFile; fileRef = 88DA436B26778CE8008035B2 /* HeaderDetailView.swift */; };
		88DA436E26778E78008035B2 /* TopPartDetailView.swift in Sources */ = {isa = PBXBuildFile; fileRef = 88DA436D26778E78008035B2 /* TopPartDetailView.swift */; };
		88E8E0C22678B5E00081DA54 /* QuantityFavDetailView.swift in Sources */ = {isa = PBXBuildFile; fileRef = 88E8E0C12678B5E00081DA54 /* QuantityFavDetailView.swift */; };
		88E8E0C42678BCEF0081DA54 /* AddToCartDetailView.swift in Sources */ = {isa = PBXBuildFile; fileRef = 88E8E0C32678BCEF0081DA54 /* AddToCartDetailView.swift */; };
		88E8E0C62678C3D90081DA54 /* Shop.swift in Sources */ = {isa = PBXBuildFile; fileRef = 88E8E0C52678C3D90081DA54 /* Shop.swift */; };
/* End PBXBuildFile section */

/* Begin PBXFileReference section */
		880A68BA265905F2001E2359 /* Touchdown.app */ = {isa = PBXFileReference; explicitFileType = wrapper.application; includeInIndex = 0; path = Touchdown.app; sourceTree = BUILT_PRODUCTS_DIR; };
		880A68BD265905F2001E2359 /* TouchdownApp.swift */ = {isa = PBXFileReference; lastKnownFileType = sourcecode.swift; path = TouchdownApp.swift; sourceTree = "<group>"; };
		880A68BF265905F2001E2359 /* ContentView.swift */ = {isa = PBXFileReference; lastKnownFileType = sourcecode.swift; path = ContentView.swift; sourceTree = "<group>"; };
		880A68C1265905F7001E2359 /* Assets.xcassets */ = {isa = PBXFileReference; lastKnownFileType = folder.assetcatalog; path = Assets.xcassets; sourceTree = "<group>"; };
		880A68C4265905F7001E2359 /* Preview Assets.xcassets */ = {isa = PBXFileReference; lastKnownFileType = folder.assetcatalog; path = "Preview Assets.xcassets"; sourceTree = "<group>"; };
		880A68C6265905F7001E2359 /* Info.plist */ = {isa = PBXFileReference; lastKnownFileType = text.plist.xml; path = Info.plist; sourceTree = "<group>"; };
		880A68D826590CCB001E2359 /* Constant.swift */ = {isa = PBXFileReference; lastKnownFileType = sourcecode.swift; path = Constant.swift; sourceTree = "<group>"; };
		880A68DC26590D6D001E2359 /* FooterView.swift */ = {isa = PBXFileReference; lastKnownFileType = sourcecode.swift; path = FooterView.swift; sourceTree = "<group>"; };
		8821E0542675EFAB00D8E74B /* CategoryModel.swift */ = {isa = PBXFileReference; lastKnownFileType = sourcecode.swift; path = CategoryModel.swift; sourceTree = "<group>"; };
		8821E0562675F0C800D8E74B /* CategoryItemView.swift */ = {isa = PBXFileReference; lastKnownFileType = sourcecode.swift; path = CategoryItemView.swift; sourceTree = "<group>"; };
		8821E0582675F4F900D8E74B /* CategoryGridView.swift */ = {isa = PBXFileReference; lastKnownFileType = sourcecode.swift; path = CategoryGridView.swift; sourceTree = "<group>"; };
		8821E05A2675F95A00D8E74B /* SectionView.swift */ = {isa = PBXFileReference; lastKnownFileType = sourcecode.swift; path = SectionView.swift; sourceTree = "<group>"; };
		8823A6B32677EE5E00CB7B65 /* CustomShape.swift */ = {isa = PBXFileReference; lastKnownFileType = sourcecode.swift; path = CustomShape.swift; sourceTree = "<group>"; };
		8823A6B52677F0C900CB7B65 /* RatingSizesDetailView.swift */ = {isa = PBXFileReference; lastKnownFileType = sourcecode.swift; path = RatingSizesDetailView.swift; sourceTree = "<group>"; };
		882CC3C826755DC2007160A9 /* PlayerModel.swift */ = {isa = PBXFileReference; lastKnownFileType = sourcecode.swift; path = PlayerModel.swift; sourceTree = "<group>"; };
		882CC3CA2675606C007160A9 /* CodableBundleExtension.swift */ = {isa = PBXFileReference; lastKnownFileType = sourcecode.swift; path = CodableBundleExtension.swift; sourceTree = "<group>"; };
		882CC3CC26756301007160A9 /* FeaturedItemView.swift */ = {isa = PBXFileReference; lastKnownFileType = sourcecode.swift; path = FeaturedItemView.swift; sourceTree = "<group>"; };
		882CC3CE26756585007160A9 /* FeaturedTabView.swift */ = {isa = PBXFileReference; lastKnownFileType = sourcecode.swift; path = FeaturedTabView.swift; sourceTree = "<group>"; };
		882CC3D026756D5D007160A9 /* player.json */ = {isa = PBXFileReference; fileEncoding = 4; lastKnownFileType = text.json; path = player.json; sourceTree = "<group>"; };
		882CC3D126756D5E007160A9 /* product.json */ = {isa = PBXFileReference; fileEncoding = 4; lastKnownFileType = text.json; path = product.json; sourceTree = "<group>"; };
		882CC3D226756D5E007160A9 /* brand.json */ = {isa = PBXFileReference; fileEncoding = 4; lastKnownFileType = text.json; path = brand.json; sourceTree = "<group>"; };
		882CC3D326756D5E007160A9 /* category.json */ = {isa = PBXFileReference; fileEncoding = 4; lastKnownFileType = text.json; path = category.json; sourceTree = "<group>"; };
		88A03DEE267503DE00B14B8C /* NavigationBarView.swift */ = {isa = PBXFileReference; lastKnownFileType = sourcecode.swift; path = NavigationBarView.swift; sourceTree = "<group>"; };
		88A03DF02675062100B14B8C /* LogoView.swift */ = {isa = PBXFileReference; lastKnownFileType = sourcecode.swift; path = LogoView.swift; sourceTree = "<group>"; };
		88DA435B26768C4F008035B2 /* TitleView.swift */ = {isa = PBXFileReference; lastKnownFileType = sourcecode.swift; path = TitleView.swift; sourceTree = "<group>"; };
		88DA435D26768F5D008035B2 /* ProductModel.swift */ = {isa = PBXFileReference; lastKnownFileType = sourcecode.swift; path = ProductModel.swift; sourceTree = "<group>"; };
		88DA435F26769121008035B2 /* ProductItemView.swift */ = {isa = PBXFileReference; lastKnownFileType = sourcecode.swift; path = ProductItemView.swift; sourceTree = "<group>"; };
		88DA436126777F57008035B2 /* BrandModel.swift */ = {isa = PBXFileReference; lastKnownFileType = sourcecode.swift; path = BrandModel.swift; sourceTree = "<group>"; };
		88DA436326777FA2008035B2 /* BrandItemView.swift */ = {isa = PBXFileReference; lastKnownFileType = sourcecode.swift; path = BrandItemView.swift; sourceTree = "<group>"; };
		88DA4365267780D5008035B2 /* BrandGridView.swift */ = {isa = PBXFileReference; lastKnownFileType = sourcecode.swift; path = BrandGridView.swift; sourceTree = "<group>"; };
		88DA4367267783AA008035B2 /* ProductDetailView.swift */ = {isa = PBXFileReference; lastKnownFileType = sourcecode.swift; path = ProductDetailView.swift; sourceTree = "<group>"; };
		88DA4369267787BC008035B2 /* NavbarDetailView.swift */ = {isa = PBXFileReference; lastKnownFileType = sourcecode.swift; path = NavbarDetailView.swift; sourceTree = "<group>"; };
		88DA436B26778CE8008035B2 /* HeaderDetailView.swift */ = {isa = PBXFileReference; lastKnownFileType = sourcecode.swift; path = HeaderDetailView.swift; sourceTree = "<group>"; };
		88DA436D26778E78008035B2 /* TopPartDetailView.swift */ = {isa = PBXFileReference; lastKnownFileType = sourcecode.swift; path = TopPartDetailView.swift; sourceTree = "<group>"; };
		88E8E0C12678B5E00081DA54 /* QuantityFavDetailView.swift */ = {isa = PBXFileReference; lastKnownFileType = sourcecode.swift; path = QuantityFavDetailView.swift; sourceTree = "<group>"; };
		88E8E0C32678BCEF0081DA54 /* AddToCartDetailView.swift */ = {isa = PBXFileReference; lastKnownFileType = sourcecode.swift; path = AddToCartDetailView.swift; sourceTree = "<group>"; };
		88E8E0C52678C3D90081DA54 /* Shop.swift */ = {isa = PBXFileReference; lastKnownFileType = sourcecode.swift; path = Shop.swift; sourceTree = "<group>"; };
/* End PBXFileReference section */

/* Begin PBXFrameworksBuildPhase section */
		880A68B7265905F2001E2359 /* Frameworks */ = {
			isa = PBXFrameworksBuildPhase;
			buildActionMask = 2147483647;
			files = (
			);
			runOnlyForDeploymentPostprocessing = 0;
		};
/* End PBXFrameworksBuildPhase section */

/* Begin PBXGroup section */
		880A68B1265905F2001E2359 = {
			isa = PBXGroup;
			children = (
				880A68BC265905F2001E2359 /* Touchdown */,
				880A68BB265905F2001E2359 /* Products */,
			);
			sourceTree = "<group>";
		};
		880A68BB265905F2001E2359 /* Products */ = {
			isa = PBXGroup;
			children = (
				880A68BA265905F2001E2359 /* Touchdown.app */,
			);
			name = Products;
			sourceTree = "<group>";
		};
		880A68BC265905F2001E2359 /* Touchdown */ = {
			isa = PBXGroup;
			children = (
				880A68D526590C97001E2359 /* Model */,
				880A68D126590C74001E2359 /* View */,
				880A68D026590C4F001E2359 /* App */,
				882CC3D826756D68007160A9 /* Data */,
				880A68D626590C9D001E2359 /* Extension */,
				880A68D726590CA4001E2359 /* Utility */,
				880A68C1265905F7001E2359 /* Assets.xcassets */,
				880A68C6265905F7001E2359 /* Info.plist */,
				880A68C3265905F7001E2359 /* Preview Content */,
			);
			path = Touchdown;
			sourceTree = "<group>";
		};
		880A68C3265905F7001E2359 /* Preview Content */ = {
			isa = PBXGroup;
			children = (
				880A68C4265905F7001E2359 /* Preview Assets.xcassets */,
			);
			path = "Preview Content";
			sourceTree = "<group>";
		};
		880A68D026590C4F001E2359 /* App */ = {
			isa = PBXGroup;
			children = (
				880A68BD265905F2001E2359 /* TouchdownApp.swift */,
				880A68BF265905F2001E2359 /* ContentView.swift */,
				88DA4367267783AA008035B2 /* ProductDetailView.swift */,
			);
			path = App;
			sourceTree = "<group>";
		};
		880A68D126590C74001E2359 /* View */ = {
			isa = PBXGroup;
			children = (
				880A68D226590C7D001E2359 /* Home */,
				880A68D426590C8B001E2359 /* Detail */,
			);
			path = View;
			sourceTree = "<group>";
		};
		880A68D226590C7D001E2359 /* Home */ = {
			isa = PBXGroup;
			children = (
				880A68DC26590D6D001E2359 /* FooterView.swift */,
				88A03DEE267503DE00B14B8C /* NavigationBarView.swift */,
				88A03DF02675062100B14B8C /* LogoView.swift */,
				882CC3CC26756301007160A9 /* FeaturedItemView.swift */,
				882CC3CE26756585007160A9 /* FeaturedTabView.swift */,
				8821E0562675F0C800D8E74B /* CategoryItemView.swift */,
				8821E0582675F4F900D8E74B /* CategoryGridView.swift */,
				8821E05A2675F95A00D8E74B /* SectionView.swift */,
				88DA435B26768C4F008035B2 /* TitleView.swift */,
				88DA435F26769121008035B2 /* ProductItemView.swift */,
				88DA436326777FA2008035B2 /* BrandItemView.swift */,
				88DA4365267780D5008035B2 /* BrandGridView.swift */,
			);
			path = Home;
			sourceTree = "<group>";
		};
		880A68D426590C8B001E2359 /* Detail */ = {
			isa = PBXGroup;
			children = (
				88DA4369267787BC008035B2 /* NavbarDetailView.swift */,
				88DA436B26778CE8008035B2 /* HeaderDetailView.swift */,
				88DA436D26778E78008035B2 /* TopPartDetailView.swift */,
				8823A6B52677F0C900CB7B65 /* RatingSizesDetailView.swift */,
				88E8E0C12678B5E00081DA54 /* QuantityFavDetailView.swift */,
				88E8E0C32678BCEF0081DA54 /* AddToCartDetailView.swift */,
			);
			path = Detail;
			sourceTree = "<group>";
		};
		880A68D526590C97001E2359 /* Model */ = {
			isa = PBXGroup;
			children = (
				882CC3C826755DC2007160A9 /* PlayerModel.swift */,
				8821E0542675EFAB00D8E74B /* CategoryModel.swift */,
				88DA435D26768F5D008035B2 /* ProductModel.swift */,
				88DA436126777F57008035B2 /* BrandModel.swift */,
			);
			path = Model;
			sourceTree = "<group>";
		};
		880A68D626590C9D001E2359 /* Extension */ = {
			isa = PBXGroup;
			children = (
				882CC3CA2675606C007160A9 /* CodableBundleExtension.swift */,
			);
			path = Extension;
			sourceTree = "<group>";
		};
		880A68D726590CA4001E2359 /* Utility */ = {
			isa = PBXGroup;
			children = (
				880A68D826590CCB001E2359 /* Constant.swift */,
				8823A6B32677EE5E00CB7B65 /* CustomShape.swift */,
				88E8E0C52678C3D90081DA54 /* Shop.swift */,
			);
			path = Utility;
			sourceTree = "<group>";
		};
		882CC3D826756D68007160A9 /* Data */ = {
			isa = PBXGroup;
			children = (
				882CC3D226756D5E007160A9 /* brand.json */,
				882CC3D326756D5E007160A9 /* category.json */,
				882CC3D026756D5D007160A9 /* player.json */,
				882CC3D126756D5E007160A9 /* product.json */,
			);
			path = Data;
			sourceTree = "<group>";
		};
/* End PBXGroup section */

/* Begin PBXNativeTarget section */
		880A68B9265905F2001E2359 /* Touchdown */ = {
			isa = PBXNativeTarget;
			buildConfigurationList = 880A68C9265905F7001E2359 /* Build configuration list for PBXNativeTarget "Touchdown" */;
			buildPhases = (
				880A68B6265905F2001E2359 /* Sources */,
				880A68B7265905F2001E2359 /* Frameworks */,
				880A68B8265905F2001E2359 /* Resources */,
			);
			buildRules = (
			);
			dependencies = (
			);
			name = Touchdown;
			productName = Touchdown;
			productReference = 880A68BA265905F2001E2359 /* Touchdown.app */;
			productType = "com.apple.product-type.application";
		};
/* End PBXNativeTarget section */

/* Begin PBXProject section */
		880A68B2265905F2001E2359 /* Project object */ = {
			isa = PBXProject;
			attributes = {
				LastSwiftUpdateCheck = 1240;
				LastUpgradeCheck = 1240;
				TargetAttributes = {
					880A68B9265905F2001E2359 = {
						CreatedOnToolsVersion = 12.4;
					};
				};
			};
			buildConfigurationList = 880A68B5265905F2001E2359 /* Build configuration list for PBXProject "Touchdown" */;
			compatibilityVersion = "Xcode 9.3";
			developmentRegion = en;
			hasScannedForEncodings = 0;
			knownRegions = (
				en,
				Base,
			);
			mainGroup = 880A68B1265905F2001E2359;
			productRefGroup = 880A68BB265905F2001E2359 /* Products */;
			projectDirPath = "";
			projectRoot = "";
			targets = (
				880A68B9265905F2001E2359 /* Touchdown */,
			);
		};
/* End PBXProject section */

/* Begin PBXResourcesBuildPhase section */
		880A68B8265905F2001E2359 /* Resources */ = {
			isa = PBXResourcesBuildPhase;
			buildActionMask = 2147483647;
			files = (
				882CC3D426756D5E007160A9 /* player.json in Resources */,
				882CC3D626756D5E007160A9 /* brand.json in Resources */,
				882CC3D526756D5E007160A9 /* product.json in Resources */,
				882CC3D726756D5E007160A9 /* category.json in Resources */,
				880A68C5265905F7001E2359 /* Preview Assets.xcassets in Resources */,
				880A68C2265905F7001E2359 /* Assets.xcassets in Resources */,
			);
			runOnlyForDeploymentPostprocessing = 0;
		};
/* End PBXResourcesBuildPhase section */

/* Begin PBXSourcesBuildPhase section */
		880A68B6265905F2001E2359 /* Sources */ = {
			isa = PBXSourcesBuildPhase;
			buildActionMask = 2147483647;
			files = (
				882CC3CB2675606C007160A9 /* CodableBundleExtension.swift in Sources */,
				88DA436C26778CE8008035B2 /* HeaderDetailView.swift in Sources */,
				88DA436E26778E78008035B2 /* TopPartDetailView.swift in Sources */,
				880A68C0265905F2001E2359 /* ContentView.swift in Sources */,
				88A03DF12675062100B14B8C /* LogoView.swift in Sources */,
				880A68DD26590D6D001E2359 /* FooterView.swift in Sources */,
				88E8E0C22678B5E00081DA54 /* QuantityFavDetailView.swift in Sources */,
				882CC3CD26756301007160A9 /* FeaturedItemView.swift in Sources */,
				88E8E0C42678BCEF0081DA54 /* AddToCartDetailView.swift in Sources */,
				88DA436026769121008035B2 /* ProductItemView.swift in Sources */,
				88DA4366267780D5008035B2 /* BrandGridView.swift in Sources */,
				8823A6B62677F0C900CB7B65 /* RatingSizesDetailView.swift in Sources */,
				880A68BE265905F2001E2359 /* TouchdownApp.swift in Sources */,
				88DA4368267783AA008035B2 /* ProductDetailView.swift in Sources */,
				880A68D926590CCB001E2359 /* Constant.swift in Sources */,
				8821E0592675F4F900D8E74B /* CategoryGridView.swift in Sources */,
				8821E0552675EFAB00D8E74B /* CategoryModel.swift in Sources */,
				88A03DEF267503DE00B14B8C /* NavigationBarView.swift in Sources */,
				8821E05B2675F95A00D8E74B /* SectionView.swift in Sources */,
				88DA436426777FA2008035B2 /* BrandItemView.swift in Sources */,
				8821E0572675F0C800D8E74B /* CategoryItemView.swift in Sources */,
				882CC3CF26756585007160A9 /* FeaturedTabView.swift in Sources */,
				88DA436A267787BD008035B2 /* NavbarDetailView.swift in Sources */,
				8823A6B42677EE5E00CB7B65 /* CustomShape.swift in Sources */,
				88E8E0C62678C3D90081DA54 /* Shop.swift in Sources */,
				882CC3C926755DC2007160A9 /* PlayerModel.swift in Sources */,
				88DA436226777F57008035B2 /* BrandModel.swift in Sources */,
				88DA435C26768C4F008035B2 /* TitleView.swift in Sources */,
				88DA435E26768F5D008035B2 /* ProductModel.swift in Sources */,
			);
			runOnlyForDeploymentPostprocessing = 0;
		};
/* End PBXSourcesBuildPhase section */

/* Begin XCBuildConfiguration section */
		880A68C7265905F7001E2359 /* Debug */ = {
			isa = XCBuildConfiguration;
			buildSettings = {
				ALWAYS_SEARCH_USER_PATHS = NO;
				CLANG_ANALYZER_NONNULL = YES;
				CLANG_ANALYZER_NUMBER_OBJECT_CONVERSION = YES_AGGRESSIVE;
				CLANG_CXX_LANGUAGE_STANDARD = "gnu++14";
				CLANG_CXX_LIBRARY = "libc++";
				CLANG_ENABLE_MODULES = YES;
				CLANG_ENABLE_OBJC_ARC = YES;
				CLANG_ENABLE_OBJC_WEAK = YES;
				CLANG_WARN_BLOCK_CAPTURE_AUTORELEASING = YES;
				CLANG_WARN_BOOL_CONVERSION = YES;
				CLANG_WARN_COMMA = YES;
				CLANG_WARN_CONSTANT_CONVERSION = YES;
				CLANG_WARN_DEPRECATED_OBJC_IMPLEMENTATIONS = YES;
				CLANG_WARN_DIRECT_OBJC_ISA_USAGE = YES_ERROR;
				CLANG_WARN_DOCUMENTATION_COMMENTS = YES;
				CLANG_WARN_EMPTY_BODY = YES;
				CLANG_WARN_ENUM_CONVERSION = YES;
				CLANG_WARN_INFINITE_RECURSION = YES;
				CLANG_WARN_INT_CONVERSION = YES;
				CLANG_WARN_NON_LITERAL_NULL_CONVERSION = YES;
				CLANG_WARN_OBJC_IMPLICIT_RETAIN_SELF = YES;
				CLANG_WARN_OBJC_LITERAL_CONVERSION = YES;
				CLANG_WARN_OBJC_ROOT_CLASS = YES_ERROR;
				CLANG_WARN_QUOTED_INCLUDE_IN_FRAMEWORK_HEADER = YES;
				CLANG_WARN_RANGE_LOOP_ANALYSIS = YES;
				CLANG_WARN_STRICT_PROTOTYPES = YES;
				CLANG_WARN_SUSPICIOUS_MOVE = YES;
				CLANG_WARN_UNGUARDED_AVAILABILITY = YES_AGGRESSIVE;
				CLANG_WARN_UNREACHABLE_CODE = YES;
				CLANG_WARN__DUPLICATE_METHOD_MATCH = YES;
				COPY_PHASE_STRIP = NO;
				DEBUG_INFORMATION_FORMAT = dwarf;
				ENABLE_STRICT_OBJC_MSGSEND = YES;
				ENABLE_TESTABILITY = YES;
				GCC_C_LANGUAGE_STANDARD = gnu11;
				GCC_DYNAMIC_NO_PIC = NO;
				GCC_NO_COMMON_BLOCKS = YES;
				GCC_OPTIMIZATION_LEVEL = 0;
				GCC_PREPROCESSOR_DEFINITIONS = (
					"DEBUG=1",
					"$(inherited)",
				);
				GCC_WARN_64_TO_32_BIT_CONVERSION = YES;
				GCC_WARN_ABOUT_RETURN_TYPE = YES_ERROR;
				GCC_WARN_UNDECLARED_SELECTOR = YES;
				GCC_WARN_UNINITIALIZED_AUTOS = YES_AGGRESSIVE;
				GCC_WARN_UNUSED_FUNCTION = YES;
				GCC_WARN_UNUSED_VARIABLE = YES;
				IPHONEOS_DEPLOYMENT_TARGET = 14.4;
				MTL_ENABLE_DEBUG_INFO = INCLUDE_SOURCE;
				MTL_FAST_MATH = YES;
				ONLY_ACTIVE_ARCH = YES;
				SDKROOT = iphoneos;
				SWIFT_ACTIVE_COMPILATION_CONDITIONS = DEBUG;
				SWIFT_OPTIMIZATION_LEVEL = "-Onone";
			};
			name = Debug;
		};
		880A68C8265905F7001E2359 /* Release */ = {
			isa = XCBuildConfiguration;
			buildSettings = {
				ALWAYS_SEARCH_USER_PATHS = NO;
				CLANG_ANALYZER_NONNULL = YES;
				CLANG_ANALYZER_NUMBER_OBJECT_CONVERSION = YES_AGGRESSIVE;
				CLANG_CXX_LANGUAGE_STANDARD = "gnu++14";
				CLANG_CXX_LIBRARY = "libc++";
				CLANG_ENABLE_MODULES = YES;
				CLANG_ENABLE_OBJC_ARC = YES;
				CLANG_ENABLE_OBJC_WEAK = YES;
				CLANG_WARN_BLOCK_CAPTURE_AUTORELEASING = YES;
				CLANG_WARN_BOOL_CONVERSION = YES;
				CLANG_WARN_COMMA = YES;
				CLANG_WARN_CONSTANT_CONVERSION = YES;
				CLANG_WARN_DEPRECATED_OBJC_IMPLEMENTATIONS = YES;
				CLANG_WARN_DIRECT_OBJC_ISA_USAGE = YES_ERROR;
				CLANG_WARN_DOCUMENTATION_COMMENTS = YES;
				CLANG_WARN_EMPTY_BODY = YES;
				CLANG_WARN_ENUM_CONVERSION = YES;
				CLANG_WARN_INFINITE_RECURSION = YES;
				CLANG_WARN_INT_CONVERSION = YES;
				CLANG_WARN_NON_LITERAL_NULL_CONVERSION = YES;
				CLANG_WARN_OBJC_IMPLICIT_RETAIN_SELF = YES;
				CLANG_WARN_OBJC_LITERAL_CONVERSION = YES;
				CLANG_WARN_OBJC_ROOT_CLASS = YES_ERROR;
				CLANG_WARN_QUOTED_INCLUDE_IN_FRAMEWORK_HEADER = YES;
				CLANG_WARN_RANGE_LOOP_ANALYSIS = YES;
				CLANG_WARN_STRICT_PROTOTYPES = YES;
				CLANG_WARN_SUSPICIOUS_MOVE = YES;
				CLANG_WARN_UNGUARDED_AVAILABILITY = YES_AGGRESSIVE;
				CLANG_WARN_UNREACHABLE_CODE = YES;
				CLANG_WARN__DUPLICATE_METHOD_MATCH = YES;
				COPY_PHASE_STRIP = NO;
				DEBUG_INFORMATION_FORMAT = "dwarf-with-dsym";
				ENABLE_NS_ASSERTIONS = NO;
				ENABLE_STRICT_OBJC_MSGSEND = YES;
				GCC_C_LANGUAGE_STANDARD = gnu11;
				GCC_NO_COMMON_BLOCKS = YES;
				GCC_WARN_64_TO_32_BIT_CONVERSION = YES;
				GCC_WARN_ABOUT_RETURN_TYPE = YES_ERROR;
				GCC_WARN_UNDECLARED_SELECTOR = YES;
				GCC_WARN_UNINITIALIZED_AUTOS = YES_AGGRESSIVE;
				GCC_WARN_UNUSED_FUNCTION = YES;
				GCC_WARN_UNUSED_VARIABLE = YES;
				IPHONEOS_DEPLOYMENT_TARGET = 14.4;
				MTL_ENABLE_DEBUG_INFO = NO;
				MTL_FAST_MATH = YES;
				SDKROOT = iphoneos;
				SWIFT_COMPILATION_MODE = wholemodule;
				SWIFT_OPTIMIZATION_LEVEL = "-O";
				VALIDATE_PRODUCT = YES;
			};
			name = Release;
		};
		880A68CA265905F7001E2359 /* Debug */ = {
			isa = XCBuildConfiguration;
			buildSettings = {
				ASSETCATALOG_COMPILER_APPICON_NAME = AppIcon;
				ASSETCATALOG_COMPILER_GLOBAL_ACCENT_COLOR_NAME = AccentColor;
				CODE_SIGN_STYLE = Automatic;
				DEVELOPMENT_ASSET_PATHS = "\"Touchdown/Preview Content\"";
				DEVELOPMENT_TEAM = L23WY88RCA;
				ENABLE_PREVIEWS = YES;
				INFOPLIST_FILE = Touchdown/Info.plist;
				IPHONEOS_DEPLOYMENT_TARGET = 14.0;
				LD_RUNPATH_SEARCH_PATHS = (
					"$(inherited)",
					"@executable_path/Frameworks",
				);
				PRODUCT_BUNDLE_IDENTIFIER = "com.anis-agwan.Touchdown";
				PRODUCT_NAME = "$(TARGET_NAME)";
				SWIFT_VERSION = 5.0;
				TARGETED_DEVICE_FAMILY = "1,2";
			};
			name = Debug;
		};
		880A68CB265905F7001E2359 /* Release */ = {
			isa = XCBuildConfiguration;
			buildSettings = {
				ASSETCATALOG_COMPILER_APPICON_NAME = AppIcon;
				ASSETCATALOG_COMPILER_GLOBAL_ACCENT_COLOR_NAME = AccentColor;
				CODE_SIGN_STYLE = Automatic;
				DEVELOPMENT_ASSET_PATHS = "\"Touchdown/Preview Content\"";
				DEVELOPMENT_TEAM = L23WY88RCA;
				ENABLE_PREVIEWS = YES;
				INFOPLIST_FILE = Touchdown/Info.plist;
				IPHONEOS_DEPLOYMENT_TARGET = 14.0;
				LD_RUNPATH_SEARCH_PATHS = (
					"$(inherited)",
					"@executable_path/Frameworks",
				);
				PRODUCT_BUNDLE_IDENTIFIER = "com.anis-agwan.Touchdown";
				PRODUCT_NAME = "$(TARGET_NAME)";
				SWIFT_VERSION = 5.0;
				TARGETED_DEVICE_FAMILY = "1,2";
			};
			name = Release;
		};
/* End XCBuildConfiguration section */

/* Begin XCConfigurationList section */
		880A68B5265905F2001E2359 /* Build configuration list for PBXProject "Touchdown" */ = {
			isa = XCConfigurationList;
			buildConfigurations = (
				880A68C7265905F7001E2359 /* Debug */,
				880A68C8265905F7001E2359 /* Release */,
			);
			defaultConfigurationIsVisible = 0;
			defaultConfigurationName = Release;
		};
		880A68C9265905F7001E2359 /* Build configuration list for PBXNativeTarget "Touchdown" */ = {
			isa = XCConfigurationList;
			buildConfigurations = (
				880A68CA265905F7001E2359 /* Debug */,
				880A68CB265905F7001E2359 /* Release */,
			);
			defaultConfigurationIsVisible = 0;
			defaultConfigurationName = Release;
		};
/* End XCConfigurationList section */
	};
	rootObject = 880A68B2265905F2001E2359 /* Project object */;
}
